PODS:
  - Alamofire (5.6.1)
  - AlamofireImage (4.2.0):
    - Alamofire (~> 5.4)
  - PromiseKit (6.17.0):
    - PromiseKit/CorePromise (= 6.17.0)
    - PromiseKit/Foundation (= 6.17.0)
    - PromiseKit/UIKit (= 6.17.0)
  - PromiseKit/CorePromise (6.17.0)
  - PromiseKit/Foundation (6.17.0):
    - PromiseKit/CorePromise
  - PromiseKit/UIKit (6.17.0):
    - PromiseKit/CorePromise
  - PullToRefreshKit (0.8.8)
  - Realm (10.25.1):
    - Realm/Headers (= 10.25.1)
  - Realm/Headers (10.25.1)
  - RealmSwift (10.25.1):
    - Realm (= 10.25.1)
  - RxCocoa (6.5.0):
    - RxRelay (= 6.5.0)
    - RxSwift (= 6.5.0)
  - RxRelay (6.5.0):
    - RxSwift (= 6.5.0)
  - RxSwift (6.5.0)
  - SwiftyBeaver (1.9.6)

DEPENDENCIES:
  - AlamofireImage
  - PromiseKit
  - PullToRefreshKit
  - RealmSwift
  - RxCocoa
  - RxSwift
  - SwiftyBeaver

SPEC REPOS:
  trunk:
    - Alamofire
    - AlamofireImage
    - PromiseKit
    - PullToRefreshKit
    - Realm
    - RealmSwift
    - RxCocoa
    - RxRelay
    - RxSwift
    - SwiftyBeaver

SPEC CHECKSUMS:
  Alamofire: 87bd8c952f9a4454320fce00d9cc3de57bcadaf5
  AlamofireImage: 34a2d90b0e5fe6a5605f85ae4b7b01e784c60192
  PromiseKit: 996202d4cae72b7801b312abef4cd2f995b2978a
  PullToRefreshKit: 7cc53e720e69f135cffa1a57784dfb534f0222ab
  Realm: 1a6e9b4f6983711655d8c0bcb6d2d29c3afbb1f3
  RealmSwift: e72669550d27082aa4fad5d176f5076cfe806245
  RxCocoa: 94f817b71c07517321eb4f9ad299112ca8af743b
  RxRelay: 1de1523e604c72b6c68feadedd1af3b1b4d0ecbd
  RxSwift: 5710a9e6b17f3c3d6e40d6e559b9fa1e813b2ef8
  SwiftyBeaver: c8241b4745aa269a78ca5a022532c6915e948536

PODFILE CHECKSUM: 66e0b71c3bf115b826a1efb19b88ed60af3a5bbf

COCOAPODS: 1.11.2
